
Microsoft Visual Studio Solution File, Format Version 12.00
# Visual Studio 14
VisualStudioVersion = 14.0.25420.1
MinimumVisualStudioVersion = 10.0.40219.1
Project("{FAE04EC0-301F-11D3-BF4B-00C04F79EFBC}") = "Mef.App.Engine", "Mef.App.Engine\Mef.App.Engine.csproj", "{CFDF1983-DC79-44C4-8274-4B2BD5FCAB33}"
EndProject
Project("{FAE04EC0-301F-11D3-BF4B-00C04F79EFBC}") = "Mef.App.Plugins", "Mef.App.Plugins\Mef.App.Plugins.csproj", "{47CF4B79-1945-44DA-B036-4694640169D8}"
EndProject
Project("{FAE04EC0-301F-11D3-BF4B-00C04F79EFBC}") = "Mef.App.WebApi", "Mef.App.WebApi\Mef.App.WebApi.csproj", "{C19FA560-98B2-4DA7-9E60-676022A2BEC5}"
EndProject
Project("{FAE04EC0-301F-11D3-BF4B-00C04F79EFBC}") = "Mef.App.Plugins.Interfaces", "Mef.App.Plugins.Interfaces\Mef.App.Plugins.Interfaces.csproj", "{873374E0-F0E5-479C-B8E0-8A4A9E32CC41}"
EndProject
Global
	GlobalSection(SolutionConfigurationPlatforms) = preSolution
		Debug|Any CPU = Debug|Any CPU
		Release|Any CPU = Release|Any CPU
	EndGlobalSection
	GlobalSection(ProjectConfigurationPlatforms) = postSolution
		{CFDF1983-DC79-44C4-8274-4B2BD5FCAB33}.Debug|Any CPU.ActiveCfg = Debug|Any CPU
		{CFDF1983-DC79-44C4-8274-4B2BD5FCAB33}.Debug|Any CPU.Build.0 = Debug|Any CPU
		{CFDF1983-DC79-44C4-8274-4B2BD5FCAB33}.Release|Any CPU.ActiveCfg = Release|Any CPU
		{CFDF1983-DC79-44C4-8274-4B2BD5FCAB33}.Release|Any CPU.Build.0 = Release|Any CPU
		{47CF4B79-1945-44DA-B036-4694640169D8}.Debug|Any CPU.ActiveCfg = Debug|Any CPU
		{47CF4B79-1945-44DA-B036-4694640169D8}.Debug|Any CPU.Build.0 = Debug|Any CPU
		{47CF4B79-1945-44DA-B036-4694640169D8}.Release|Any CPU.ActiveCfg = Release|Any CPU
		{47CF4B79-1945-44DA-B036-4694640169D8}.Release|Any CPU.Build.0 = Release|Any CPU
		{C19FA560-98B2-4DA7-9E60-676022A2BEC5}.Debug|Any CPU.ActiveCfg = Debug|Any CPU
		{C19FA560-98B2-4DA7-9E60-676022A2BEC5}.Debug|Any CPU.Build.0 = Debug|Any CPU
		{C19FA560-98B2-4DA7-9E60-676022A2BEC5}.Release|Any CPU.ActiveCfg = Release|Any CPU
		{C19FA560-98B2-4DA7-9E60-676022A2BEC5}.Release|Any CPU.Build.0 = Release|Any CPU
		{873374E0-F0E5-479C-B8E0-8A4A9E32CC41}.Debug|Any CPU.ActiveCfg = Debug|Any CPU
		{873374E0-F0E5-479C-B8E0-8A4A9E32CC41}.Debug|Any CPU.Build.0 = Debug|Any CPU
		{873374E0-F0E5-479C-B8E0-8A4A9E32CC41}.Release|Any CPU.ActiveCfg = Release|Any CPU
		{873374E0-F0E5-479C-B8E0-8A4A9E32CC41}.Release|Any CPU.Build.0 = Release|Any CPU
	EndGlobalSection
	GlobalSection(SolutionProperties) = preSolution
		HideSolutionNode = FALSE
	EndGlobalSection
EndGlobal
